
Microsoft Visual Studio Solution File, Format Version 12.00
# Visual Studio 15
VisualStudioVersion = 15.0.27130.2010
MinimumVisualStudioVersion = 10.0.40219.1
Project("{FAE04EC0-301F-11D3-BF4B-00C04F79EFBC}") = "Risuto.App", "src\Risuto.App\Risuto.App.csproj", "{E76C5EE7-18D1-4A3A-8FA3-780D669F71B0}"
EndProject
Project("{FAE04EC0-301F-11D3-BF4B-00C04F79EFBC}") = "Risuto.Interfaces", "src\Risuto.Interfaces\Risuto.Interfaces.csproj", "{430D596E-D785-4976-98A6-C77614FAB254}"
EndProject
Project("{FAE04EC0-301F-11D3-BF4B-00C04F79EFBC}") = "Risuto.Data.Sqlite", "src\Risuto.Data.Sqlite\Risuto.Data.Sqlite.csproj", "{12B7CD75-C07A-4E65-B319-C571D662C8D6}"
EndProject
Global
	GlobalSection(SolutionConfigurationPlatforms) = preSolution
		Debug|Any CPU = Debug|Any CPU
		Debug|ARM = Debug|ARM
		Debug|x64 = Debug|x64
		Debug|x86 = Debug|x86
		Release|Any CPU = Release|Any CPU
		Release|ARM = Release|ARM
		Release|x64 = Release|x64
		Release|x86 = Release|x86
	EndGlobalSection
	GlobalSection(ProjectConfigurationPlatforms) = postSolution
		{E76C5EE7-18D1-4A3A-8FA3-780D669F71B0}.Debug|Any CPU.ActiveCfg = Debug|x86
		{E76C5EE7-18D1-4A3A-8FA3-780D669F71B0}.Debug|ARM.ActiveCfg = Debug|ARM
		{E76C5EE7-18D1-4A3A-8FA3-780D669F71B0}.Debug|ARM.Build.0 = Debug|ARM
		{E76C5EE7-18D1-4A3A-8FA3-780D669F71B0}.Debug|ARM.Deploy.0 = Debug|ARM
		{E76C5EE7-18D1-4A3A-8FA3-780D669F71B0}.Debug|x64.ActiveCfg = Debug|x64
		{E76C5EE7-18D1-4A3A-8FA3-780D669F71B0}.Debug|x64.Build.0 = Debug|x64
		{E76C5EE7-18D1-4A3A-8FA3-780D669F71B0}.Debug|x64.Deploy.0 = Debug|x64
		{E76C5EE7-18D1-4A3A-8FA3-780D669F71B0}.Debug|x86.ActiveCfg = Debug|x86
		{E76C5EE7-18D1-4A3A-8FA3-780D669F71B0}.Debug|x86.Build.0 = Debug|x86
		{E76C5EE7-18D1-4A3A-8FA3-780D669F71B0}.Debug|x86.Deploy.0 = Debug|x86
		{E76C5EE7-18D1-4A3A-8FA3-780D669F71B0}.Release|Any CPU.ActiveCfg = Release|x86
		{E76C5EE7-18D1-4A3A-8FA3-780D669F71B0}.Release|ARM.ActiveCfg = Release|ARM
		{E76C5EE7-18D1-4A3A-8FA3-780D669F71B0}.Release|ARM.Build.0 = Release|ARM
		{E76C5EE7-18D1-4A3A-8FA3-780D669F71B0}.Release|ARM.Deploy.0 = Release|ARM
		{E76C5EE7-18D1-4A3A-8FA3-780D669F71B0}.Release|x64.ActiveCfg = Release|x64
		{E76C5EE7-18D1-4A3A-8FA3-780D669F71B0}.Release|x64.Build.0 = Release|x64
		{E76C5EE7-18D1-4A3A-8FA3-780D669F71B0}.Release|x64.Deploy.0 = Release|x64
		{E76C5EE7-18D1-4A3A-8FA3-780D669F71B0}.Release|x86.ActiveCfg = Release|x86
		{E76C5EE7-18D1-4A3A-8FA3-780D669F71B0}.Release|x86.Build.0 = Release|x86
		{E76C5EE7-18D1-4A3A-8FA3-780D669F71B0}.Release|x86.Deploy.0 = Release|x86
		{430D596E-D785-4976-98A6-C77614FAB254}.Debug|Any CPU.ActiveCfg = Debug|Any CPU
		{430D596E-D785-4976-98A6-C77614FAB254}.Debug|Any CPU.Build.0 = Debug|Any CPU
		{430D596E-D785-4976-98A6-C77614FAB254}.Debug|ARM.ActiveCfg = Debug|ARM
		{430D596E-D785-4976-98A6-C77614FAB254}.Debug|ARM.Build.0 = Debug|ARM
		{430D596E-D785-4976-98A6-C77614FAB254}.Debug|x64.ActiveCfg = Debug|x64
		{430D596E-D785-4976-98A6-C77614FAB254}.Debug|x64.Build.0 = Debug|x64
		{430D596E-D785-4976-98A6-C77614FAB254}.Debug|x86.ActiveCfg = Debug|x86
		{430D596E-D785-4976-98A6-C77614FAB254}.Debug|x86.Build.0 = Debug|x86
		{430D596E-D785-4976-98A6-C77614FAB254}.Release|Any CPU.ActiveCfg = Release|Any CPU
		{430D596E-D785-4976-98A6-C77614FAB254}.Release|Any CPU.Build.0 = Release|Any CPU
		{430D596E-D785-4976-98A6-C77614FAB254}.Release|ARM.ActiveCfg = Release|ARM
		{430D596E-D785-4976-98A6-C77614FAB254}.Release|ARM.Build.0 = Release|ARM
		{430D596E-D785-4976-98A6-C77614FAB254}.Release|x64.ActiveCfg = Release|x64
		{430D596E-D785-4976-98A6-C77614FAB254}.Release|x64.Build.0 = Release|x64
		{430D596E-D785-4976-98A6-C77614FAB254}.Release|x86.ActiveCfg = Release|x86
		{430D596E-D785-4976-98A6-C77614FAB254}.Release|x86.Build.0 = Release|x86
		{12B7CD75-C07A-4E65-B319-C571D662C8D6}.Debug|Any CPU.ActiveCfg = Debug|Any CPU
		{12B7CD75-C07A-4E65-B319-C571D662C8D6}.Debug|Any CPU.Build.0 = Debug|Any CPU
		{12B7CD75-C07A-4E65-B319-C571D662C8D6}.Debug|ARM.ActiveCfg = Debug|ARM
		{12B7CD75-C07A-4E65-B319-C571D662C8D6}.Debug|ARM.Build.0 = Debug|ARM
		{12B7CD75-C07A-4E65-B319-C571D662C8D6}.Debug|x64.ActiveCfg = Debug|x64
		{12B7CD75-C07A-4E65-B319-C571D662C8D6}.Debug|x64.Build.0 = Debug|x64
		{12B7CD75-C07A-4E65-B319-C571D662C8D6}.Debug|x86.ActiveCfg = Debug|x86
		{12B7CD75-C07A-4E65-B319-C571D662C8D6}.Debug|x86.Build.0 = Debug|x86
		{12B7CD75-C07A-4E65-B319-C571D662C8D6}.Release|Any CPU.ActiveCfg = Release|Any CPU
		{12B7CD75-C07A-4E65-B319-C571D662C8D6}.Release|Any CPU.Build.0 = Release|Any CPU
		{12B7CD75-C07A-4E65-B319-C571D662C8D6}.Release|ARM.ActiveCfg = Release|ARM
		{12B7CD75-C07A-4E65-B319-C571D662C8D6}.Release|ARM.Build.0 = Release|ARM
		{12B7CD75-C07A-4E65-B319-C571D662C8D6}.Release|x64.ActiveCfg = Release|x64
		{12B7CD75-C07A-4E65-B319-C571D662C8D6}.Release|x64.Build.0 = Release|x64
		{12B7CD75-C07A-4E65-B319-C571D662C8D6}.Release|x86.ActiveCfg = Release|x86
		{12B7CD75-C07A-4E65-B319-C571D662C8D6}.Release|x86.Build.0 = Release|x86
	EndGlobalSection
	GlobalSection(SolutionProperties) = preSolution
		HideSolutionNode = FALSE
	EndGlobalSection
	GlobalSection(ExtensibilityGlobals) = postSolution
		SolutionGuid = {912CB161-4CB3-43BC-9123-7251DB781237}
	EndGlobalSection
EndGlobal
